<?xml version="1.0" encoding="utf-8"?>
<Project ToolsVersion="4.0" xmlns="http://schemas.microsoft.com/developer/msbuild/2003">
  <ItemGroup>
    <Filter Include="Source Files">
      <UniqueIdentifier>{4FC737F1-C7A5-4376-A066-2A32D752A2FF}</UniqueIdentifier>
      <Extensions>cpp;c;cc;cxx;c++;cppm;ixx;def;odl;idl;hpj;bat;asm;asmx</Extensions>
    </Filter>
    <Filter Include="Header Files">
      <UniqueIdentifier>{93995380-89BD-4b04-88EB-625FBE52EBFB}</UniqueIdentifier>
      <Extensions>h;hh;hpp;hxx;h++;hm;inl;inc;ipp;xsd</Extensions>
    </Filter>
    <Filter Include="Resource Files">
      <UniqueIdentifier>{67DA6AB6-F800-4c08-8B7A-83BB121AAD01}</UniqueIdentifier>
      <Extensions>rc;ico;cur;bmp;dlg;rc2;rct;bin;rgs;gif;jpg;jpeg;jpe;resx;tiff;tif;png;wav;mfcribbon-ms</Extensions>
    </Filter>
  </ItemGroup>
  <ItemGroup>
    <ClCompile Include="1644.cpp">
      <Filter>Source Files</Filter>
    </ClCompile>
    <ClCompile Include="1450.cpp">
      <Filter>Source Files</Filter>
    </ClCompile>
    <ClCompile Include="12852.cpp">
      <Filter>Source Files</Filter>
    </ClCompile>
    <ClCompile Include="12852-1.cpp">
      <Filter>Source Files</Filter>
    </ClCompile>
    <ClCompile Include="9252.cpp">
      <Filter>Source Files</Filter>
    </ClCompile>
    <ClCompile Include="frame.cpp">
      <Filter>Source Files</Filter>
    </ClCompile>
    <ClCompile Include="2618.cpp">
      <Filter>Source Files</Filter>
    </ClCompile>
    <ClCompile Include="13913.cpp">
      <Filter>Source Files</Filter>
    </ClCompile>
    <ClCompile Include="9019.cpp">
      <Filter>Source Files</Filter>
    </ClCompile>
    <ClCompile Include="11779.cpp">
      <Filter>Source Files</Filter>
    </ClCompile>
    <ClCompile Include="11780.cpp">
      <Filter>Source Files</Filter>
    </ClCompile>
    <ClCompile Include="11725.cpp">
      <Filter>Source Files</Filter>
    </ClCompile>
    <ClCompile Include="1167.cpp">
      <Filter>Source Files</Filter>
    </ClCompile>
    <ClCompile Include="1967.cpp">
      <Filter>Source Files</Filter>
    </ClCompile>
    <ClCompile Include="1991.cpp">
      <Filter>Source Files</Filter>
    </ClCompile>
    <ClCompile Include="2263.cpp">
      <Filter>Source Files</Filter>
    </ClCompile>
    <ClCompile Include="5639.cpp">
      <Filter>Source Files</Filter>
    </ClCompile>
    <ClCompile Include="4803.cpp">
      <Filter>Source Files</Filter>
    </ClCompile>
    <ClCompile Include="4803-1.cpp">
      <Filter>Source Files</Filter>
    </ClCompile>
    <ClCompile Include="1717.cpp">
      <Filter>Source Files</Filter>
    </ClCompile>
    <ClCompile Include="1976.cpp">
      <Filter>Source Files</Filter>
    </ClCompile>
    <ClCompile Include="4195.cpp">
      <Filter>Source Files</Filter>
    </ClCompile>
    <ClCompile Include="20040.cpp">
      <Filter>Source Files</Filter>
    </ClCompile>
    <ClCompile Include="9372.cpp">
      <Filter>Source Files</Filter>
    </ClCompile>
    <ClCompile Include="1197.cpp">
      <Filter>Source Files</Filter>
    </ClCompile>
    <ClCompile Include="4386.cpp">
      <Filter>Source Files</Filter>
    </ClCompile>
    <ClCompile Include="1774.cpp">
      <Filter>Source Files</Filter>
    </ClCompile>
    <ClCompile Include="1774-1.cpp">
      <Filter>Source Files</Filter>
    </ClCompile>
    <ClCompile Include="6497.cpp">
      <Filter>Source Files</Filter>
    </ClCompile>
    <ClCompile Include="17472.cpp">
      <Filter>Source Files</Filter>
    </ClCompile>
    <ClCompile Include="17472-1.cpp">
      <Filter>Source Files</Filter>
    </ClCompile>
    <ClCompile Include="17472-2.cpp">
      <Filter>Source Files</Filter>
    </ClCompile>
    <ClCompile Include="15681.cpp">
      <Filter>Source Files</Filter>
    </ClCompile>
    <ClCompile Include="2213.cpp">
      <Filter>Source Files</Filter>
    </ClCompile>
    <ClCompile Include="1949.cpp">
      <Filter>Source Files</Filter>
    </ClCompile>
    <ClCompile Include="2166.cpp">
      <Filter>Source Files</Filter>
    </ClCompile>
    <ClCompile Include="11758.cpp">
      <Filter>Source Files</Filter>
    </ClCompile>
    <ClCompile Include="25308.cpp">
      <Filter>Source Files</Filter>
    </ClCompile>
    <ClCompile Include="17386.cpp">
      <Filter>Source Files</Filter>
    </ClCompile>
    <ClCompile Include="17387.cpp">
      <Filter>Source Files</Filter>
    </ClCompile>
    <ClCompile Include="17387-1.cpp">
      <Filter>Source Files</Filter>
    </ClCompile>
    <ClCompile Include="20149.cpp">
      <Filter>Source Files</Filter>
    </ClCompile>
    <ClCompile Include="20149-1.cpp">
      <Filter>Source Files</Filter>
    </ClCompile>
    <ClCompile Include="2162.cpp">
      <Filter>Source Files</Filter>
    </ClCompile>
    <ClCompile Include="2162-1.cpp">
      <Filter>Source Files</Filter>
    </ClCompile>
    <ClCompile Include="7869.cpp">
      <Filter>Source Files</Filter>
    </ClCompile>
    <ClCompile Include="7869-1.cpp">
      <Filter>Source Files</Filter>
    </ClCompile>
  </ItemGroup>
</Project>