<?xml version="1.0" encoding="utf-8"?>
<Project ToolsVersion="4.0" xmlns="http://schemas.microsoft.com/developer/msbuild/2003">
  <ItemGroup>
    <Filter Include="Source Files">
      <UniqueIdentifier>{4FC737F1-C7A5-4376-A066-2A32D752A2FF}</UniqueIdentifier>
      <Extensions>cpp;c;cc;cxx;c++;cppm;ixx;def;odl;idl;hpj;bat;asm;asmx</Extensions>
    </Filter>
    <Filter Include="Header Files">
      <UniqueIdentifier>{93995380-89BD-4b04-88EB-625FBE52EBFB}</UniqueIdentifier>
      <Extensions>h;hh;hpp;hxx;h++;hm;inl;inc;ipp;xsd</Extensions>
    </Filter>
    <Filter Include="Resource Files">
      <UniqueIdentifier>{67DA6AB6-F800-4c08-8B7A-83BB121AAD01}</UniqueIdentifier>
      <Extensions>rc;ico;cur;bmp;dlg;rc2;rct;bin;rgs;gif;jpg;jpeg;jpe;resx;tiff;tif;png;wav;mfcribbon-ms</Extensions>
    </Filter>
  </ItemGroup>
  <ItemGroup>
    <ClCompile Include="frame.cpp">
      <Filter>Source Files</Filter>
    </ClCompile>
    <ClCompile Include="ex.cpp">
      <Filter>Source Files</Filter>
    </ClCompile>
    <ClCompile Include="5419.cpp">
      <Filter>Source Files</Filter>
    </ClCompile>
    <ClCompile Include="17131.cpp">
      <Filter>Source Files</Filter>
    </ClCompile>
    <ClCompile Include="7626.cpp">
      <Filter>Source Files</Filter>
    </ClCompile>
    <ClCompile Include="7626-1.cpp">
      <Filter>Source Files</Filter>
    </ClCompile>
    <ClCompile Include="11012.cpp">
      <Filter>Source Files</Filter>
    </ClCompile>
    <ClCompile Include="2075.cpp">
      <Filter>Source Files</Filter>
    </ClCompile>
    <ClCompile Include="1509.cpp">
      <Filter>Source Files</Filter>
    </ClCompile>
    <ClCompile Include="1509-1.cpp">
      <Filter>Source Files</Filter>
    </ClCompile>
    <ClCompile Include="1509-2.cpp">
      <Filter>Source Files</Filter>
    </ClCompile>
    <ClCompile Include="2169.cpp">
      <Filter>Source Files</Filter>
    </ClCompile>
    <ClCompile Include="2169-1.cpp">
      <Filter>Source Files</Filter>
    </ClCompile>
    <ClCompile Include="13392.cpp">
      <Filter>Source Files</Filter>
    </ClCompile>
    <ClCompile Include="2494.cpp">
      <Filter>Source Files</Filter>
    </ClCompile>
    <ClCompile Include="2696.cpp">
      <Filter>Source Files</Filter>
    </ClCompile>
    <ClCompile Include="1202.cpp">
      <Filter>Source Files</Filter>
    </ClCompile>
    <ClCompile Include="1688.cpp">
      <Filter>Source Files</Filter>
    </ClCompile>
    <ClCompile Include="1688-1.cpp">
      <Filter>Source Files</Filter>
    </ClCompile>
    <ClCompile Include="1688-2.cpp">
      <Filter>Source Files</Filter>
    </ClCompile>
    <ClCompile Include="2637.cpp">
      <Filter>Source Files</Filter>
    </ClCompile>
    <ClCompile Include="25953.cpp">
      <Filter>Source Files</Filter>
    </ClCompile>
    <ClCompile Include="13505.cpp">
      <Filter>Source Files</Filter>
    </ClCompile>
    <ClCompile Include="13505-1.cpp">
      <Filter>Source Files</Filter>
    </ClCompile>
    <ClCompile Include="5052.cpp">
      <Filter>Source Files</Filter>
    </ClCompile>
    <ClCompile Include="1005.cpp">
      <Filter>Source Files</Filter>
    </ClCompile>
    <ClCompile Include="1009.cpp">
      <Filter>Source Files</Filter>
    </ClCompile>
    <ClCompile Include="1011.cpp">
      <Filter>Source Files</Filter>
    </ClCompile>
    <ClCompile Include="1007.cpp">
      <Filter>Source Files</Filter>
    </ClCompile>
    <ClCompile Include="1013.cpp">
      <Filter>Source Files</Filter>
    </ClCompile>
    <ClCompile Include="1022.cpp">
      <Filter>Source Files</Filter>
    </ClCompile>
    <ClCompile Include="1022-1.cpp">
      <Filter>Source Files</Filter>
    </ClCompile>
    <ClCompile Include="1025.cpp">
      <Filter>Source Files</Filter>
    </ClCompile>
    <ClCompile Include="1027.cpp">
      <Filter>Source Files</Filter>
    </ClCompile>
    <ClCompile Include="1027-1.cpp">
      <Filter>Source Files</Filter>
    </ClCompile>
    <ClCompile Include="1038.cpp">
      <Filter>Source Files</Filter>
    </ClCompile>
    <ClCompile Include="1041.cpp">
      <Filter>Source Files</Filter>
    </ClCompile>
    <ClCompile Include="1030.cpp">
      <Filter>Source Files</Filter>
    </ClCompile>
    <ClCompile Include="1030-1.cpp">
      <Filter>Source Files</Filter>
    </ClCompile>
    <ClCompile Include="1034.cpp">
      <Filter>Source Files</Filter>
    </ClCompile>
    <ClCompile Include="30455.cpp">
      <Filter>Source Files</Filter>
    </ClCompile>
    <ClCompile Include="1052.cpp">
      <Filter>Source Files</Filter>
    </ClCompile>
    <ClCompile Include="1043.cpp">
      <Filter>Source Files</Filter>
    </ClCompile>
    <ClCompile Include="1062.cpp">
      <Filter>Source Files</Filter>
    </ClCompile>
    <ClCompile Include="1062-1.cpp">
      <Filter>Source Files</Filter>
    </ClCompile>
    <ClCompile Include="1062-2.cpp">
      <Filter>Source Files</Filter>
    </ClCompile>
    <ClCompile Include="1068.cpp">
      <Filter>Source Files</Filter>
    </ClCompile>
    <ClCompile Include="1033.cpp">
      <Filter>Source Files</Filter>
    </ClCompile>
  </ItemGroup>
</Project>